// !$*UTF8*$!
{
	archiveVersion = 1;
	classes = {
	};
	objectVersion = 56;
	objects = {

/* Begin PBXBuildFile section */
		8623BBA92CB9177500BCDF3B /* DailyRewardsView.swift in Sources */ = {isa = PBXBuildFile; fileRef = 8623BBA82CB9177500BCDF3B /* DailyRewardsView.swift */; };
		867D461C2CB3E7650045467B /* MenuView.swift in Sources */ = {isa = PBXBuildFile; fileRef = 867D461B2CB3E7650045467B /* MenuView.swift */; };
		868F043B2CB1282400B3A759 /* PincoApp.swift in Sources */ = {isa = PBXBuildFile; fileRef = 868F043A2CB1282400B3A759 /* PincoApp.swift */; };
		868F043D2CB1282400B3A759 /* ContentView.swift in Sources */ = {isa = PBXBuildFile; fileRef = 868F043C2CB1282400B3A759 /* ContentView.swift */; };
		868F043F2CB1282500B3A759 /* Assets.xcassets in Resources */ = {isa = PBXBuildFile; fileRef = 868F043E2CB1282500B3A759 /* Assets.xcassets */; };
		868F04422CB1282500B3A759 /* Preview Assets.xcassets in Resources */ = {isa = PBXBuildFile; fileRef = 868F04412CB1282500B3A759 /* Preview Assets.xcassets */; };
		868F04492CB130D400B3A759 /* FirstLaunchView.swift in Sources */ = {isa = PBXBuildFile; fileRef = 868F04482CB130D400B3A759 /* FirstLaunchView.swift */; };
		868F04512CB1387D00B3A759 /* demo.html in Resources */ = {isa = PBXBuildFile; fileRef = 868F044A2CB1387D00B3A759 /* demo.html */; };
		868F04522CB1387D00B3A759 /* MadimiOne-Regular.eot in Resources */ = {isa = PBXBuildFile; fileRef = 868F044B2CB1387D00B3A759 /* MadimiOne-Regular.eot */; };
		868F04532CB1387D00B3A759 /* MadimiOne-Regular.ttf in Resources */ = {isa = PBXBuildFile; fileRef = 868F044C2CB1387D00B3A759 /* MadimiOne-Regular.ttf */; };
		868F04542CB1387D00B3A759 /* MadimiOne-Regular.woff in Resources */ = {isa = PBXBuildFile; fileRef = 868F044D2CB1387D00B3A759 /* MadimiOne-Regular.woff */; };
		868F04552CB1387D00B3A759 /* MadimiOne-Regular.woff2 in Resources */ = {isa = PBXBuildFile; fileRef = 868F044E2CB1387D00B3A759 /* MadimiOne-Regular.woff2 */; };
		868F04562CB1387D00B3A759 /* stylesheet.css in Resources */ = {isa = PBXBuildFile; fileRef = 868F044F2CB1387D00B3A759 /* stylesheet.css */; };
		86B46FAC2CBABDFB009605DE /* ShopView.swift in Sources */ = {isa = PBXBuildFile; fileRef = 86B46FAB2CBABDFB009605DE /* ShopView.swift */; };
		86B46FAE2CBABFA7009605DE /* GameView.swift in Sources */ = {isa = PBXBuildFile; fileRef = 86B46FAD2CBABFA7009605DE /* GameView.swift */; };
		86CA54F32CB7D51500ACAEE3 /* ProgressView.swift in Sources */ = {isa = PBXBuildFile; fileRef = 86CA54F22CB7D51500ACAEE3 /* ProgressView.swift */; };
		86D622762CB5333C00A149C6 /* StageView.swift in Sources */ = {isa = PBXBuildFile; fileRef = 86D622752CB5333C00A149C6 /* StageView.swift */; };
		86F4FDC52CBFC7A000406592 /* LoseView.swift in Sources */ = {isa = PBXBuildFile; fileRef = 86F4FDC42CBFC7A000406592 /* LoseView.swift */; };
/* End PBXBuildFile section */

/* Begin PBXFileReference section */
		8623BBA82CB9177500BCDF3B /* DailyRewardsView.swift */ = {isa = PBXFileReference; lastKnownFileType = sourcecode.swift; path = DailyRewardsView.swift; sourceTree = "<group>"; };
		867D461B2CB3E7650045467B /* MenuView.swift */ = {isa = PBXFileReference; lastKnownFileType = sourcecode.swift; path = MenuView.swift; sourceTree = "<group>"; };
		868F04372CB1282400B3A759 /* Pinco.app */ = {isa = PBXFileReference; explicitFileType = wrapper.application; includeInIndex = 0; path = Pinco.app; sourceTree = BUILT_PRODUCTS_DIR; };
		868F043A2CB1282400B3A759 /* PincoApp.swift */ = {isa = PBXFileReference; lastKnownFileType = sourcecode.swift; path = PincoApp.swift; sourceTree = "<group>"; };
		868F043C2CB1282400B3A759 /* ContentView.swift */ = {isa = PBXFileReference; lastKnownFileType = sourcecode.swift; path = ContentView.swift; sourceTree = "<group>"; };
		868F043E2CB1282500B3A759 /* Assets.xcassets */ = {isa = PBXFileReference; lastKnownFileType = folder.assetcatalog; path = Assets.xcassets; sourceTree = "<group>"; };
		868F04412CB1282500B3A759 /* Preview Assets.xcassets */ = {isa = PBXFileReference; lastKnownFileType = folder.assetcatalog; path = "Preview Assets.xcassets"; sourceTree = "<group>"; };
		868F04482CB130D400B3A759 /* FirstLaunchView.swift */ = {isa = PBXFileReference; lastKnownFileType = sourcecode.swift; path = FirstLaunchView.swift; sourceTree = "<group>"; };
		868F044A2CB1387D00B3A759 /* demo.html */ = {isa = PBXFileReference; fileEncoding = 4; lastKnownFileType = text.html; path = demo.html; sourceTree = "<group>"; };
		868F044B2CB1387D00B3A759 /* MadimiOne-Regular.eot */ = {isa = PBXFileReference; lastKnownFileType = file; path = "MadimiOne-Regular.eot"; sourceTree = "<group>"; };
		868F044C2CB1387D00B3A759 /* MadimiOne-Regular.ttf */ = {isa = PBXFileReference; lastKnownFileType = file; path = "MadimiOne-Regular.ttf"; sourceTree = "<group>"; };
		868F044D2CB1387D00B3A759 /* MadimiOne-Regular.woff */ = {isa = PBXFileReference; lastKnownFileType = file; path = "MadimiOne-Regular.woff"; sourceTree = "<group>"; };
		868F044E2CB1387D00B3A759 /* MadimiOne-Regular.woff2 */ = {isa = PBXFileReference; lastKnownFileType = file; path = "MadimiOne-Regular.woff2"; sourceTree = "<group>"; };
		868F044F2CB1387D00B3A759 /* stylesheet.css */ = {isa = PBXFileReference; fileEncoding = 4; lastKnownFileType = text.css; path = stylesheet.css; sourceTree = "<group>"; };
		868F04572CB1396400B3A759 /* Info.plist */ = {isa = PBXFileReference; lastKnownFileType = text.plist; path = Info.plist; sourceTree = "<group>"; };
		86B46FAB2CBABDFB009605DE /* ShopView.swift */ = {isa = PBXFileReference; lastKnownFileType = sourcecode.swift; path = ShopView.swift; sourceTree = "<group>"; };
		86B46FAD2CBABFA7009605DE /* GameView.swift */ = {isa = PBXFileReference; lastKnownFileType = sourcecode.swift; path = GameView.swift; sourceTree = "<group>"; };
		86CA54F22CB7D51500ACAEE3 /* ProgressView.swift */ = {isa = PBXFileReference; lastKnownFileType = sourcecode.swift; path = ProgressView.swift; sourceTree = "<group>"; };
		86D622752CB5333C00A149C6 /* StageView.swift */ = {isa = PBXFileReference; lastKnownFileType = sourcecode.swift; path = StageView.swift; sourceTree = "<group>"; };
		86F4FDC42CBFC7A000406592 /* LoseView.swift */ = {isa = PBXFileReference; lastKnownFileType = sourcecode.swift; path = LoseView.swift; sourceTree = "<group>"; };
/* End PBXFileReference section */

/* Begin PBXFrameworksBuildPhase section */
		868F04342CB1282400B3A759 /* Frameworks */ = {
			isa = PBXFrameworksBuildPhase;
			buildActionMask = 2147483647;
			files = (
			);
			runOnlyForDeploymentPostprocessing = 0;
		};
/* End PBXFrameworksBuildPhase section */

/* Begin PBXGroup section */
		867D461A2CB3E75B0045467B /* View */ = {
			isa = PBXGroup;
			children = (
				868F043C2CB1282400B3A759 /* ContentView.swift */,
				868F04482CB130D400B3A759 /* FirstLaunchView.swift */,
				867D461B2CB3E7650045467B /* MenuView.swift */,
				8623BBA82CB9177500BCDF3B /* DailyRewardsView.swift */,
				86B46FAB2CBABDFB009605DE /* ShopView.swift */,
				86D622752CB5333C00A149C6 /* StageView.swift */,
				86B46FAD2CBABFA7009605DE /* GameView.swift */,
				86F4FDC42CBFC7A000406592 /* LoseView.swift */,
				86CA54F22CB7D51500ACAEE3 /* ProgressView.swift */,
			);
			path = View;
			sourceTree = "<group>";
		};
		868F042E2CB1282400B3A759 = {
			isa = PBXGroup;
			children = (
				868F04392CB1282400B3A759 /* Pinco */,
				868F04382CB1282400B3A759 /* Products */,
			);
			sourceTree = "<group>";
		};
		868F04382CB1282400B3A759 /* Products */ = {
			isa = PBXGroup;
			children = (
				868F04372CB1282400B3A759 /* Pinco.app */,
			);
			name = Products;
			sourceTree = "<group>";
		};
		868F04392CB1282400B3A759 /* Pinco */ = {
			isa = PBXGroup;
			children = (
				868F04572CB1396400B3A759 /* Info.plist */,
				868F04502CB1387D00B3A759 /* Font */,
				868F043A2CB1282400B3A759 /* PincoApp.swift */,
				867D461A2CB3E75B0045467B /* View */,
				868F043E2CB1282500B3A759 /* Assets.xcassets */,
				868F04402CB1282500B3A759 /* Preview Content */,
			);
			path = Pinco;
			sourceTree = "<group>";
		};
		868F04402CB1282500B3A759 /* Preview Content */ = {
			isa = PBXGroup;
			children = (
				868F04412CB1282500B3A759 /* Preview Assets.xcassets */,
			);
			path = "Preview Content";
			sourceTree = "<group>";
		};
		868F04502CB1387D00B3A759 /* Font */ = {
			isa = PBXGroup;
			children = (
				868F044A2CB1387D00B3A759 /* demo.html */,
				868F044B2CB1387D00B3A759 /* MadimiOne-Regular.eot */,
				868F044C2CB1387D00B3A759 /* MadimiOne-Regular.ttf */,
				868F044D2CB1387D00B3A759 /* MadimiOne-Regular.woff */,
				868F044E2CB1387D00B3A759 /* MadimiOne-Regular.woff2 */,
				868F044F2CB1387D00B3A759 /* stylesheet.css */,
			);
			path = Font;
			sourceTree = "<group>";
		};
/* End PBXGroup section */

/* Begin PBXNativeTarget section */
		868F04362CB1282400B3A759 /* Pinco */ = {
			isa = PBXNativeTarget;
			buildConfigurationList = 868F04452CB1282500B3A759 /* Build configuration list for PBXNativeTarget "Pinco" */;
			buildPhases = (
				868F04332CB1282400B3A759 /* Sources */,
				868F04342CB1282400B3A759 /* Frameworks */,
				868F04352CB1282400B3A759 /* Resources */,
			);
			buildRules = (
			);
			dependencies = (
			);
			name = Pinco;
			productName = Pinco;
			productReference = 868F04372CB1282400B3A759 /* Pinco.app */;
			productType = "com.apple.product-type.application";
		};
/* End PBXNativeTarget section */

/* Begin PBXProject section */
		868F042F2CB1282400B3A759 /* Project object */ = {
			isa = PBXProject;
			attributes = {
				BuildIndependentTargetsInParallel = 1;
				LastSwiftUpdateCheck = 1540;
				LastUpgradeCheck = 1540;
				TargetAttributes = {
					868F04362CB1282400B3A759 = {
						CreatedOnToolsVersion = 15.4;
					};
				};
			};
			buildConfigurationList = 868F04322CB1282400B3A759 /* Build configuration list for PBXProject "Pinco" */;
			compatibilityVersion = "Xcode 14.0";
			developmentRegion = en;
			hasScannedForEncodings = 0;
			knownRegions = (
				en,
				Base,
			);
			mainGroup = 868F042E2CB1282400B3A759;
			productRefGroup = 868F04382CB1282400B3A759 /* Products */;
			projectDirPath = "";
			projectRoot = "";
			targets = (
				868F04362CB1282400B3A759 /* Pinco */,
			);
		};
/* End PBXProject section */

/* Begin PBXResourcesBuildPhase section */
		868F04352CB1282400B3A759 /* Resources */ = {
			isa = PBXResourcesBuildPhase;
			buildActionMask = 2147483647;
			files = (
				868F04552CB1387D00B3A759 /* MadimiOne-Regular.woff2 in Resources */,
				868F04532CB1387D00B3A759 /* MadimiOne-Regular.ttf in Resources */,
				868F04422CB1282500B3A759 /* Preview Assets.xcassets in Resources */,
				868F04542CB1387D00B3A759 /* MadimiOne-Regular.woff in Resources */,
				868F04522CB1387D00B3A759 /* MadimiOne-Regular.eot in Resources */,
				868F04512CB1387D00B3A759 /* demo.html in Resources */,
				868F043F2CB1282500B3A759 /* Assets.xcassets in Resources */,
				868F04562CB1387D00B3A759 /* stylesheet.css in Resources */,
			);
			runOnlyForDeploymentPostprocessing = 0;
		};
/* End PBXResourcesBuildPhase section */

/* Begin PBXSourcesBuildPhase section */
		868F04332CB1282400B3A759 /* Sources */ = {
			isa = PBXSourcesBuildPhase;
			buildActionMask = 2147483647;
			files = (
				86D622762CB5333C00A149C6 /* StageView.swift in Sources */,
				868F04492CB130D400B3A759 /* FirstLaunchView.swift in Sources */,
				8623BBA92CB9177500BCDF3B /* DailyRewardsView.swift in Sources */,
				86F4FDC52CBFC7A000406592 /* LoseView.swift in Sources */,
				867D461C2CB3E7650045467B /* MenuView.swift in Sources */,
				86B46FAE2CBABFA7009605DE /* GameView.swift in Sources */,
				868F043D2CB1282400B3A759 /* ContentView.swift in Sources */,
				868F043B2CB1282400B3A759 /* PincoApp.swift in Sources */,
				86B46FAC2CBABDFB009605DE /* ShopView.swift in Sources */,
				86CA54F32CB7D51500ACAEE3 /* ProgressView.swift in Sources */,
			);
			runOnlyForDeploymentPostprocessing = 0;
		};
/* End PBXSourcesBuildPhase section */

/* Begin XCBuildConfiguration section */
		868F04432CB1282500B3A759 /* Debug */ = {
			isa = XCBuildConfiguration;
			buildSettings = {
				ALWAYS_SEARCH_USER_PATHS = NO;
				ASSETCATALOG_COMPILER_GENERATE_SWIFT_ASSET_SYMBOL_EXTENSIONS = YES;
				CLANG_ANALYZER_NONNULL = YES;
				CLANG_ANALYZER_NUMBER_OBJECT_CONVERSION = YES_AGGRESSIVE;
				CLANG_CXX_LANGUAGE_STANDARD = "gnu++20";
				CLANG_ENABLE_MODULES = YES;
				CLANG_ENABLE_OBJC_ARC = YES;
				CLANG_ENABLE_OBJC_WEAK = YES;
				CLANG_WARN_BLOCK_CAPTURE_AUTORELEASING = YES;
				CLANG_WARN_BOOL_CONVERSION = YES;
				CLANG_WARN_COMMA = YES;
				CLANG_WARN_CONSTANT_CONVERSION = YES;
				CLANG_WARN_DEPRECATED_OBJC_IMPLEMENTATIONS = YES;
				CLANG_WARN_DIRECT_OBJC_ISA_USAGE = YES_ERROR;
				CLANG_WARN_DOCUMENTATION_COMMENTS = YES;
				CLANG_WARN_EMPTY_BODY = YES;
				CLANG_WARN_ENUM_CONVERSION = YES;
				CLANG_WARN_INFINITE_RECURSION = YES;
				CLANG_WARN_INT_CONVERSION = YES;
				CLANG_WARN_NON_LITERAL_NULL_CONVERSION = YES;
				CLANG_WARN_OBJC_IMPLICIT_RETAIN_SELF = YES;
				CLANG_WARN_OBJC_LITERAL_CONVERSION = YES;
				CLANG_WARN_OBJC_ROOT_CLASS = YES_ERROR;
				CLANG_WARN_QUOTED_INCLUDE_IN_FRAMEWORK_HEADER = YES;
				CLANG_WARN_RANGE_LOOP_ANALYSIS = YES;
				CLANG_WARN_STRICT_PROTOTYPES = YES;
				CLANG_WARN_SUSPICIOUS_MOVE = YES;
				CLANG_WARN_UNGUARDED_AVAILABILITY = YES_AGGRESSIVE;
				CLANG_WARN_UNREACHABLE_CODE = YES;
				CLANG_WARN__DUPLICATE_METHOD_MATCH = YES;
				COPY_PHASE_STRIP = NO;
				DEBUG_INFORMATION_FORMAT = dwarf;
				ENABLE_STRICT_OBJC_MSGSEND = YES;
				ENABLE_TESTABILITY = YES;
				ENABLE_USER_SCRIPT_SANDBOXING = YES;
				GCC_C_LANGUAGE_STANDARD = gnu17;
				GCC_DYNAMIC_NO_PIC = NO;
				GCC_NO_COMMON_BLOCKS = YES;
				GCC_OPTIMIZATION_LEVEL = 0;
				GCC_PREPROCESSOR_DEFINITIONS = (
					"DEBUG=1",
					"$(inherited)",
				);
				GCC_WARN_64_TO_32_BIT_CONVERSION = YES;
				GCC_WARN_ABOUT_RETURN_TYPE = YES_ERROR;
				GCC_WARN_UNDECLARED_SELECTOR = YES;
				GCC_WARN_UNINITIALIZED_AUTOS = YES_AGGRESSIVE;
				GCC_WARN_UNUSED_FUNCTION = YES;
				GCC_WARN_UNUSED_VARIABLE = YES;
				IPHONEOS_DEPLOYMENT_TARGET = 17.5;
				LOCALIZATION_PREFERS_STRING_CATALOGS = YES;
				MTL_ENABLE_DEBUG_INFO = INCLUDE_SOURCE;
				MTL_FAST_MATH = YES;
				ONLY_ACTIVE_ARCH = YES;
				SDKROOT = iphoneos;
				SWIFT_ACTIVE_COMPILATION_CONDITIONS = "DEBUG $(inherited)";
				SWIFT_OPTIMIZATION_LEVEL = "-Onone";
			};
			name = Debug;
		};
		868F04442CB1282500B3A759 /* Release */ = {
			isa = XCBuildConfiguration;
			buildSettings = {
				ALWAYS_SEARCH_USER_PATHS = NO;
				ASSETCATALOG_COMPILER_GENERATE_SWIFT_ASSET_SYMBOL_EXTENSIONS = YES;
				CLANG_ANALYZER_NONNULL = YES;
				CLANG_ANALYZER_NUMBER_OBJECT_CONVERSION = YES_AGGRESSIVE;
				CLANG_CXX_LANGUAGE_STANDARD = "gnu++20";
				CLANG_ENABLE_MODULES = YES;
				CLANG_ENABLE_OBJC_ARC = YES;
				CLANG_ENABLE_OBJC_WEAK = YES;
				CLANG_WARN_BLOCK_CAPTURE_AUTORELEASING = YES;
				CLANG_WARN_BOOL_CONVERSION = YES;
				CLANG_WARN_COMMA = YES;
				CLANG_WARN_CONSTANT_CONVERSION = YES;
				CLANG_WARN_DEPRECATED_OBJC_IMPLEMENTATIONS = YES;
				CLANG_WARN_DIRECT_OBJC_ISA_USAGE = YES_ERROR;
				CLANG_WARN_DOCUMENTATION_COMMENTS = YES;
				CLANG_WARN_EMPTY_BODY = YES;
				CLANG_WARN_ENUM_CONVERSION = YES;
				CLANG_WARN_INFINITE_RECURSION = YES;
				CLANG_WARN_INT_CONVERSION = YES;
				CLANG_WARN_NON_LITERAL_NULL_CONVERSION = YES;
				CLANG_WARN_OBJC_IMPLICIT_RETAIN_SELF = YES;
				CLANG_WARN_OBJC_LITERAL_CONVERSION = YES;
				CLANG_WARN_OBJC_ROOT_CLASS = YES_ERROR;
				CLANG_WARN_QUOTED_INCLUDE_IN_FRAMEWORK_HEADER = YES;
				CLANG_WARN_RANGE_LOOP_ANALYSIS = YES;
				CLANG_WARN_STRICT_PROTOTYPES = YES;
				CLANG_WARN_SUSPICIOUS_MOVE = YES;
				CLANG_WARN_UNGUARDED_AVAILABILITY = YES_AGGRESSIVE;
				CLANG_WARN_UNREACHABLE_CODE = YES;
				CLANG_WARN__DUPLICATE_METHOD_MATCH = YES;
				COPY_PHASE_STRIP = NO;
				DEBUG_INFORMATION_FORMAT = "dwarf-with-dsym";
				ENABLE_NS_ASSERTIONS = NO;
				ENABLE_STRICT_OBJC_MSGSEND = YES;
				ENABLE_USER_SCRIPT_SANDBOXING = YES;
				GCC_C_LANGUAGE_STANDARD = gnu17;
				GCC_NO_COMMON_BLOCKS = YES;
				GCC_WARN_64_TO_32_BIT_CONVERSION = YES;
				GCC_WARN_ABOUT_RETURN_TYPE = YES_ERROR;
				GCC_WARN_UNDECLARED_SELECTOR = YES;
				GCC_WARN_UNINITIALIZED_AUTOS = YES_AGGRESSIVE;
				GCC_WARN_UNUSED_FUNCTION = YES;
				GCC_WARN_UNUSED_VARIABLE = YES;
				IPHONEOS_DEPLOYMENT_TARGET = 17.5;
				LOCALIZATION_PREFERS_STRING_CATALOGS = YES;
				MTL_ENABLE_DEBUG_INFO = NO;
				MTL_FAST_MATH = YES;
				SDKROOT = iphoneos;
				SWIFT_COMPILATION_MODE = wholemodule;
				VALIDATE_PRODUCT = YES;
			};
			name = Release;
		};
		868F04462CB1282500B3A759 /* Debug */ = {
			isa = XCBuildConfiguration;
			buildSettings = {
				ASSETCATALOG_COMPILER_APPICON_NAME = AppIcon;
				ASSETCATALOG_COMPILER_GLOBAL_ACCENT_COLOR_NAME = AccentColor;
				CODE_SIGN_STYLE = Automatic;
				CURRENT_PROJECT_VERSION = 1;
				DEVELOPMENT_ASSET_PATHS = "\"Pinco/Preview Content\"";
				DEVELOPMENT_TEAM = 59WWFG63NN;
				ENABLE_PREVIEWS = YES;
				GENERATE_INFOPLIST_FILE = YES;
				INFOPLIST_FILE = Pinco/Info.plist;
				INFOPLIST_KEY_UIApplicationSceneManifest_Generation = YES;
				INFOPLIST_KEY_UIApplicationSupportsIndirectInputEvents = YES;
				INFOPLIST_KEY_UILaunchScreen_Generation = YES;
				INFOPLIST_KEY_UILaunchStoryboardName = "Launch Screen.storyboard";
				INFOPLIST_KEY_UISupportedInterfaceOrientations_iPad = "UIInterfaceOrientationPortrait UIInterfaceOrientationPortraitUpsideDown UIInterfaceOrientationLandscapeLeft UIInterfaceOrientationLandscapeRight";
				INFOPLIST_KEY_UISupportedInterfaceOrientations_iPhone = "UIInterfaceOrientationPortrait UIInterfaceOrientationLandscapeLeft UIInterfaceOrientationLandscapeRight";
				IPHONEOS_DEPLOYMENT_TARGET = 16;
				LD_RUNPATH_SEARCH_PATHS = (
					"$(inherited)",
					"@executable_path/Frameworks",
				);
				MARKETING_VERSION = 1.0;
				PRODUCT_BUNDLE_IDENTIFIER = ART.Pinco;
				PRODUCT_NAME = "$(TARGET_NAME)";
				SWIFT_EMIT_LOC_STRINGS = YES;
				SWIFT_VERSION = 5.0;
				TARGETED_DEVICE_FAMILY = "1,2";
			};
			name = Debug;
		};
		868F04472CB1282500B3A759 /* Release */ = {
			isa = XCBuildConfiguration;
			buildSettings = {
				ASSETCATALOG_COMPILER_APPICON_NAME = AppIcon;
				ASSETCATALOG_COMPILER_GLOBAL_ACCENT_COLOR_NAME = AccentColor;
				CODE_SIGN_STYLE = Automatic;
				CURRENT_PROJECT_VERSION = 1;
				DEVELOPMENT_ASSET_PATHS = "\"Pinco/Preview Content\"";
				DEVELOPMENT_TEAM = 59WWFG63NN;
				ENABLE_PREVIEWS = YES;
				GENERATE_INFOPLIST_FILE = YES;
				INFOPLIST_FILE = Pinco/Info.plist;
				INFOPLIST_KEY_UIApplicationSceneManifest_Generation = YES;
				INFOPLIST_KEY_UIApplicationSupportsIndirectInputEvents = YES;
				INFOPLIST_KEY_UILaunchScreen_Generation = YES;
				INFOPLIST_KEY_UILaunchStoryboardName = "Launch Screen.storyboard";
				INFOPLIST_KEY_UISupportedInterfaceOrientations_iPad = "UIInterfaceOrientationPortrait UIInterfaceOrientationPortraitUpsideDown UIInterfaceOrientationLandscapeLeft UIInterfaceOrientationLandscapeRight";
				INFOPLIST_KEY_UISupportedInterfaceOrientations_iPhone = "UIInterfaceOrientationPortrait UIInterfaceOrientationLandscapeLeft UIInterfaceOrientationLandscapeRight";
				IPHONEOS_DEPLOYMENT_TARGET = 16;
				LD_RUNPATH_SEARCH_PATHS = (
					"$(inherited)",
					"@executable_path/Frameworks",
				);
				MARKETING_VERSION = 1.0;
				PRODUCT_BUNDLE_IDENTIFIER = ART.Pinco;
				PRODUCT_NAME = "$(TARGET_NAME)";
				SWIFT_EMIT_LOC_STRINGS = YES;
				SWIFT_VERSION = 5.0;
				TARGETED_DEVICE_FAMILY = "1,2";
			};
			name = Release;
		};
/* End XCBuildConfiguration section */

/* Begin XCConfigurationList section */
		868F04322CB1282400B3A759 /* Build configuration list for PBXProject "Pinco" */ = {
			isa = XCConfigurationList;
			buildConfigurations = (
				868F04432CB1282500B3A759 /* Debug */,
				868F04442CB1282500B3A759 /* Release */,
			);
			defaultConfigurationIsVisible = 0;
			defaultConfigurationName = Release;
		};
		868F04452CB1282500B3A759 /* Build configuration list for PBXNativeTarget "Pinco" */ = {
			isa = XCConfigurationList;
			buildConfigurations = (
				868F04462CB1282500B3A759 /* Debug */,
				868F04472CB1282500B3A759 /* Release */,
			);
			defaultConfigurationIsVisible = 0;
			defaultConfigurationName = Release;
		};
/* End XCConfigurationList section */
	};
	rootObject = 868F042F2CB1282400B3A759 /* Project object */;
}
